
Microsoft Visual Studio Solution File, Format Version 12.00
# Visual Studio Version 17
VisualStudioVersion = 17.2.32630.192
MinimumVisualStudioVersion = 10.0.40219.1
Project("{9A19103F-16F7-4668-BE54-9A1E7A4F7556}") = "R5T.F0037", "R5T.F0037\R5T.F0037.csproj", "{037926F1-49E7-49A8-9EF6-4EF17E15C63E}"
EndProject
Project("{9A19103F-16F7-4668-BE54-9A1E7A4F7556}") = "R5T.F0037.Construction", "R5T.F0037.Construction\R5T.F0037.Construction.csproj", "{B95499C6-9A6D-4681-AB21-14BFDB305C33}"
EndProject
Project("{2150E333-8FDC-42A3-9474-1A3956D46DE8}") = "_Dependencies", "_Dependencies", "{7A7A7607-7415-4D76-B5A7-B171C6584BDD}"
EndProject
Project("{9A19103F-16F7-4668-BE54-9A1E7A4F7556}") = "R5T.T0142", "..\..\R5T.T0142\source\R5T.T0142\R5T.T0142.csproj", "{2F094D05-3DC5-4468-9B4D-A7502A6BCF76}"
EndProject
Project("{9A19103F-16F7-4668-BE54-9A1E7A4F7556}") = "R5T.NG0002", "..\..\R5T.NG0002\source\R5T.NG0002\R5T.NG0002.csproj", "{733B9630-433D-409E-AF66-5AE7496CAED2}"
EndProject
Project("{9A19103F-16F7-4668-BE54-9A1E7A4F7556}") = "R5T.F0036.T000", "..\..\R5T.F0036\source\R5T.F0036.T000\R5T.F0036.T000.csproj", "{F6F1EFF4-0D68-4552-BFDB-6C9725907323}"
EndProject
Project("{9A19103F-16F7-4668-BE54-9A1E7A4F7556}") = "R5T.T0132", "..\..\R5T.T0132\source\R5T.T0132\R5T.T0132.csproj", "{1D0BCA0F-BC69-4441-9730-B1C8206663D0}"
EndProject
Project("{9A19103F-16F7-4668-BE54-9A1E7A4F7556}") = "R5T.F0028", "..\..\R5T.F0028\source\R5T.F0028\R5T.F0028.csproj", "{F64094A5-5671-4D1A-84C0-8529861C13D7}"
EndProject
Project("{9A19103F-16F7-4668-BE54-9A1E7A4F7556}") = "R5T.F0036.F000", "..\..\R5T.F0036\source\R5T.F0036.F000\R5T.F0036.F000.csproj", "{E15B67EF-03E1-4ABD-AD2B-BE233F2A0D75}"
EndProject
Project("{9A19103F-16F7-4668-BE54-9A1E7A4F7556}") = "R5T.F0036", "..\..\R5T.F0036\source\R5T.F0036\R5T.F0036.csproj", "{664BE5F4-094E-4C9C-BDD3-C4B402EE982F}"
EndProject
Project("{9A19103F-16F7-4668-BE54-9A1E7A4F7556}") = "R5T.T0143", "..\..\R5T.T0143\source\R5T.T0143\R5T.T0143.csproj", "{C2A21CB9-448A-4E6C-8570-0B21CCDFDC62}"
EndProject
Project("{9A19103F-16F7-4668-BE54-9A1E7A4F7556}") = "R5T.F0036.F001", "..\..\R5T.F0036\source\R5T.F0036.F001\R5T.F0036.F001.csproj", "{5D8B0831-8872-41DD-BA0E-39219F9C920F}"
EndProject
Project("{9A19103F-16F7-4668-BE54-9A1E7A4F7556}") = "R5T.F0036.F002", "..\..\R5T.F0036\source\R5T.F0036.F002\R5T.F0036.F002.csproj", "{4C51E305-888A-46A7-91C7-AB9841FE1273}"
EndProject
Project("{9A19103F-16F7-4668-BE54-9A1E7A4F7556}") = "R5T.T0147.T000", "..\..\R5T.T0147\source\R5T.T0147.T000\R5T.T0147.T000.csproj", "{7BF9F578-20F3-47E5-AD4B-EEF7863FBFD0}"
EndProject
Global
	GlobalSection(SolutionConfigurationPlatforms) = preSolution
		Debug|Any CPU = Debug|Any CPU
		Release|Any CPU = Release|Any CPU
	EndGlobalSection
	GlobalSection(ProjectConfigurationPlatforms) = postSolution
		{037926F1-49E7-49A8-9EF6-4EF17E15C63E}.Debug|Any CPU.ActiveCfg = Debug|Any CPU
		{037926F1-49E7-49A8-9EF6-4EF17E15C63E}.Debug|Any CPU.Build.0 = Debug|Any CPU
		{037926F1-49E7-49A8-9EF6-4EF17E15C63E}.Release|Any CPU.ActiveCfg = Release|Any CPU
		{037926F1-49E7-49A8-9EF6-4EF17E15C63E}.Release|Any CPU.Build.0 = Release|Any CPU
		{B95499C6-9A6D-4681-AB21-14BFDB305C33}.Debug|Any CPU.ActiveCfg = Debug|Any CPU
		{B95499C6-9A6D-4681-AB21-14BFDB305C33}.Debug|Any CPU.Build.0 = Debug|Any CPU
		{B95499C6-9A6D-4681-AB21-14BFDB305C33}.Release|Any CPU.ActiveCfg = Release|Any CPU
		{B95499C6-9A6D-4681-AB21-14BFDB305C33}.Release|Any CPU.Build.0 = Release|Any CPU
		{2F094D05-3DC5-4468-9B4D-A7502A6BCF76}.Debug|Any CPU.ActiveCfg = Debug|Any CPU
		{2F094D05-3DC5-4468-9B4D-A7502A6BCF76}.Debug|Any CPU.Build.0 = Debug|Any CPU
		{2F094D05-3DC5-4468-9B4D-A7502A6BCF76}.Release|Any CPU.ActiveCfg = Release|Any CPU
		{2F094D05-3DC5-4468-9B4D-A7502A6BCF76}.Release|Any CPU.Build.0 = Release|Any CPU
		{733B9630-433D-409E-AF66-5AE7496CAED2}.Debug|Any CPU.ActiveCfg = Debug|Any CPU
		{733B9630-433D-409E-AF66-5AE7496CAED2}.Debug|Any CPU.Build.0 = Debug|Any CPU
		{733B9630-433D-409E-AF66-5AE7496CAED2}.Release|Any CPU.ActiveCfg = Release|Any CPU
		{733B9630-433D-409E-AF66-5AE7496CAED2}.Release|Any CPU.Build.0 = Release|Any CPU
		{F6F1EFF4-0D68-4552-BFDB-6C9725907323}.Debug|Any CPU.ActiveCfg = Debug|Any CPU
		{F6F1EFF4-0D68-4552-BFDB-6C9725907323}.Debug|Any CPU.Build.0 = Debug|Any CPU
		{F6F1EFF4-0D68-4552-BFDB-6C9725907323}.Release|Any CPU.ActiveCfg = Release|Any CPU
		{F6F1EFF4-0D68-4552-BFDB-6C9725907323}.Release|Any CPU.Build.0 = Release|Any CPU
		{1D0BCA0F-BC69-4441-9730-B1C8206663D0}.Debug|Any CPU.ActiveCfg = Debug|Any CPU
		{1D0BCA0F-BC69-4441-9730-B1C8206663D0}.Debug|Any CPU.Build.0 = Debug|Any CPU
		{1D0BCA0F-BC69-4441-9730-B1C8206663D0}.Release|Any CPU.ActiveCfg = Release|Any CPU
		{1D0BCA0F-BC69-4441-9730-B1C8206663D0}.Release|Any CPU.Build.0 = Release|Any CPU
		{F64094A5-5671-4D1A-84C0-8529861C13D7}.Debug|Any CPU.ActiveCfg = Debug|Any CPU
		{F64094A5-5671-4D1A-84C0-8529861C13D7}.Debug|Any CPU.Build.0 = Debug|Any CPU
		{F64094A5-5671-4D1A-84C0-8529861C13D7}.Release|Any CPU.ActiveCfg = Release|Any CPU
		{F64094A5-5671-4D1A-84C0-8529861C13D7}.Release|Any CPU.Build.0 = Release|Any CPU
		{E15B67EF-03E1-4ABD-AD2B-BE233F2A0D75}.Debug|Any CPU.ActiveCfg = Debug|Any CPU
		{E15B67EF-03E1-4ABD-AD2B-BE233F2A0D75}.Debug|Any CPU.Build.0 = Debug|Any CPU
		{E15B67EF-03E1-4ABD-AD2B-BE233F2A0D75}.Release|Any CPU.ActiveCfg = Release|Any CPU
		{E15B67EF-03E1-4ABD-AD2B-BE233F2A0D75}.Release|Any CPU.Build.0 = Release|Any CPU
		{664BE5F4-094E-4C9C-BDD3-C4B402EE982F}.Debug|Any CPU.ActiveCfg = Debug|Any CPU
		{664BE5F4-094E-4C9C-BDD3-C4B402EE982F}.Debug|Any CPU.Build.0 = Debug|Any CPU
		{664BE5F4-094E-4C9C-BDD3-C4B402EE982F}.Release|Any CPU.ActiveCfg = Release|Any CPU
		{664BE5F4-094E-4C9C-BDD3-C4B402EE982F}.Release|Any CPU.Build.0 = Release|Any CPU
		{C2A21CB9-448A-4E6C-8570-0B21CCDFDC62}.Debug|Any CPU.ActiveCfg = Debug|Any CPU
		{C2A21CB9-448A-4E6C-8570-0B21CCDFDC62}.Debug|Any CPU.Build.0 = Debug|Any CPU
		{C2A21CB9-448A-4E6C-8570-0B21CCDFDC62}.Release|Any CPU.ActiveCfg = Release|Any CPU
		{C2A21CB9-448A-4E6C-8570-0B21CCDFDC62}.Release|Any CPU.Build.0 = Release|Any CPU
		{5D8B0831-8872-41DD-BA0E-39219F9C920F}.Debug|Any CPU.ActiveCfg = Debug|Any CPU
		{5D8B0831-8872-41DD-BA0E-39219F9C920F}.Debug|Any CPU.Build.0 = Debug|Any CPU
		{5D8B0831-8872-41DD-BA0E-39219F9C920F}.Release|Any CPU.ActiveCfg = Release|Any CPU
		{5D8B0831-8872-41DD-BA0E-39219F9C920F}.Release|Any CPU.Build.0 = Release|Any CPU
		{4C51E305-888A-46A7-91C7-AB9841FE1273}.Debug|Any CPU.ActiveCfg = Debug|Any CPU
		{4C51E305-888A-46A7-91C7-AB9841FE1273}.Debug|Any CPU.Build.0 = Debug|Any CPU
		{4C51E305-888A-46A7-91C7-AB9841FE1273}.Release|Any CPU.ActiveCfg = Release|Any CPU
		{4C51E305-888A-46A7-91C7-AB9841FE1273}.Release|Any CPU.Build.0 = Release|Any CPU
		{7BF9F578-20F3-47E5-AD4B-EEF7863FBFD0}.Debug|Any CPU.ActiveCfg = Debug|Any CPU
		{7BF9F578-20F3-47E5-AD4B-EEF7863FBFD0}.Debug|Any CPU.Build.0 = Debug|Any CPU
		{7BF9F578-20F3-47E5-AD4B-EEF7863FBFD0}.Release|Any CPU.ActiveCfg = Release|Any CPU
		{7BF9F578-20F3-47E5-AD4B-EEF7863FBFD0}.Release|Any CPU.Build.0 = Release|Any CPU
	EndGlobalSection
	GlobalSection(SolutionProperties) = preSolution
		HideSolutionNode = FALSE
	EndGlobalSection
	GlobalSection(NestedProjects) = preSolution
		{2F094D05-3DC5-4468-9B4D-A7502A6BCF76} = {7A7A7607-7415-4D76-B5A7-B171C6584BDD}
		{733B9630-433D-409E-AF66-5AE7496CAED2} = {7A7A7607-7415-4D76-B5A7-B171C6584BDD}
		{F6F1EFF4-0D68-4552-BFDB-6C9725907323} = {7A7A7607-7415-4D76-B5A7-B171C6584BDD}
		{1D0BCA0F-BC69-4441-9730-B1C8206663D0} = {7A7A7607-7415-4D76-B5A7-B171C6584BDD}
		{F64094A5-5671-4D1A-84C0-8529861C13D7} = {7A7A7607-7415-4D76-B5A7-B171C6584BDD}
		{E15B67EF-03E1-4ABD-AD2B-BE233F2A0D75} = {7A7A7607-7415-4D76-B5A7-B171C6584BDD}
		{664BE5F4-094E-4C9C-BDD3-C4B402EE982F} = {7A7A7607-7415-4D76-B5A7-B171C6584BDD}
		{C2A21CB9-448A-4E6C-8570-0B21CCDFDC62} = {7A7A7607-7415-4D76-B5A7-B171C6584BDD}
		{5D8B0831-8872-41DD-BA0E-39219F9C920F} = {7A7A7607-7415-4D76-B5A7-B171C6584BDD}
		{4C51E305-888A-46A7-91C7-AB9841FE1273} = {7A7A7607-7415-4D76-B5A7-B171C6584BDD}
		{7BF9F578-20F3-47E5-AD4B-EEF7863FBFD0} = {7A7A7607-7415-4D76-B5A7-B171C6584BDD}
	EndGlobalSection
	GlobalSection(ExtensibilityGlobals) = postSolution
		SolutionGuid = {1BC5C599-F623-45D9-9A71-BB7F5E35C563}
	EndGlobalSection
EndGlobal
